
Microsoft Visual Studio Solution File, Format Version 12.00
# Visual Studio Version 17
VisualStudioVersion = 17.1.32228.430
MinimumVisualStudioVersion = 10.0.40219.1
Project("{9A19103F-16F7-4668-BE54-9A1E7A4F7556}") = "DataAccess", "DataAccess\DataAccess.csproj", "{07097654-3BFB-4760-9949-7396348EC181}"
EndProject
Project("{9A19103F-16F7-4668-BE54-9A1E7A4F7556}") = "Business", "Business\Business.csproj", "{B1271AC2-29DA-4BA7-B1E8-CA1F8211B389}"
EndProject
Project("{9A19103F-16F7-4668-BE54-9A1E7A4F7556}") = "Entities", "Entities\Entities.csproj", "{302105A6-5E31-4FF8-BFFA-407B88B63C33}"
EndProject
Project("{9A19103F-16F7-4668-BE54-9A1E7A4F7556}") = "ConsoleUI", "ConsoleUI\ConsoleUI.csproj", "{D9DF52FA-8419-4AED-ADBB-23E3DCB96C71}"
EndProject
Project("{FAE04EC0-301F-11D3-BF4B-00C04F79EFBC}") = "Core", "Core\Core.csproj", "{6D5EAEEB-AD31-4CE1-A560-150D5EAC1D1D}"
EndProject
Global
	GlobalSection(SolutionConfigurationPlatforms) = preSolution
		Debug|Any CPU = Debug|Any CPU
		Release|Any CPU = Release|Any CPU
	EndGlobalSection
	GlobalSection(ProjectConfigurationPlatforms) = postSolution
		{07097654-3BFB-4760-9949-7396348EC181}.Debug|Any CPU.ActiveCfg = Debug|Any CPU
		{07097654-3BFB-4760-9949-7396348EC181}.Debug|Any CPU.Build.0 = Debug|Any CPU
		{07097654-3BFB-4760-9949-7396348EC181}.Release|Any CPU.ActiveCfg = Release|Any CPU
		{07097654-3BFB-4760-9949-7396348EC181}.Release|Any CPU.Build.0 = Release|Any CPU
		{B1271AC2-29DA-4BA7-B1E8-CA1F8211B389}.Debug|Any CPU.ActiveCfg = Debug|Any CPU
		{B1271AC2-29DA-4BA7-B1E8-CA1F8211B389}.Debug|Any CPU.Build.0 = Debug|Any CPU
		{B1271AC2-29DA-4BA7-B1E8-CA1F8211B389}.Release|Any CPU.ActiveCfg = Release|Any CPU
		{B1271AC2-29DA-4BA7-B1E8-CA1F8211B389}.Release|Any CPU.Build.0 = Release|Any CPU
		{302105A6-5E31-4FF8-BFFA-407B88B63C33}.Debug|Any CPU.ActiveCfg = Debug|Any CPU
		{302105A6-5E31-4FF8-BFFA-407B88B63C33}.Debug|Any CPU.Build.0 = Debug|Any CPU
		{302105A6-5E31-4FF8-BFFA-407B88B63C33}.Release|Any CPU.ActiveCfg = Release|Any CPU
		{302105A6-5E31-4FF8-BFFA-407B88B63C33}.Release|Any CPU.Build.0 = Release|Any CPU
		{D9DF52FA-8419-4AED-ADBB-23E3DCB96C71}.Debug|Any CPU.ActiveCfg = Debug|Any CPU
		{D9DF52FA-8419-4AED-ADBB-23E3DCB96C71}.Debug|Any CPU.Build.0 = Debug|Any CPU
		{D9DF52FA-8419-4AED-ADBB-23E3DCB96C71}.Release|Any CPU.ActiveCfg = Release|Any CPU
		{D9DF52FA-8419-4AED-ADBB-23E3DCB96C71}.Release|Any CPU.Build.0 = Release|Any CPU
		{6D5EAEEB-AD31-4CE1-A560-150D5EAC1D1D}.Debug|Any CPU.ActiveCfg = Debug|Any CPU
		{6D5EAEEB-AD31-4CE1-A560-150D5EAC1D1D}.Debug|Any CPU.Build.0 = Debug|Any CPU
		{6D5EAEEB-AD31-4CE1-A560-150D5EAC1D1D}.Release|Any CPU.ActiveCfg = Release|Any CPU
		{6D5EAEEB-AD31-4CE1-A560-150D5EAC1D1D}.Release|Any CPU.Build.0 = Release|Any CPU
	EndGlobalSection
	GlobalSection(SolutionProperties) = preSolution
		HideSolutionNode = FALSE
	EndGlobalSection
	GlobalSection(ExtensibilityGlobals) = postSolution
		SolutionGuid = {EBDD01CE-688C-4657-AACD-945339C9F41E}
	EndGlobalSection
EndGlobal
